// !$*UTF8*$!
{
	archiveVersion = 1;
	classes = {
	};
	objectVersion = 46;
	objects = {

/* Begin PBXBuildFile section */
		04F1EFFE1F3D98DF001BCD07 /* AppDelegate.swift in Sources */ = {isa = PBXBuildFile; fileRef = 04F1EFFD1F3D98DF001BCD07 /* AppDelegate.swift */; };
		04F1F0001F3D98DF001BCD07 /* ViewController.swift in Sources */ = {isa = PBXBuildFile; fileRef = 04F1EFFF1F3D98DF001BCD07 /* ViewController.swift */; };
		04F1F0031F3D98DF001BCD07 /* Main.storyboard in Resources */ = {isa = PBXBuildFile; fileRef = 04F1F0011F3D98DF001BCD07 /* Main.storyboard */; };
		04F1F0051F3D98DF001BCD07 /* Assets.xcassets in Resources */ = {isa = PBXBuildFile; fileRef = 04F1F0041F3D98DF001BCD07 /* Assets.xcassets */; };
		04F1F0081F3D98DF001BCD07 /* LaunchScreen.storyboard in Resources */ = {isa = PBXBuildFile; fileRef = 04F1F0061F3D98DF001BCD07 /* LaunchScreen.storyboard */; };
/* End PBXBuildFile section */

/* Begin PBXFileReference section */
		04F1EFFA1F3D98DF001BCD07 /* WaveDemo.app */ = {isa = PBXFileReference; explicitFileType = wrapper.application; includeInIndex = 0; path = WaveDemo.app; sourceTree = BUILT_PRODUCTS_DIR; };
		04F1EFFD1F3D98DF001BCD07 /* AppDelegate.swift */ = {isa = PBXFileReference; lastKnownFileType = sourcecode.swift; path = AppDelegate.swift; sourceTree = "<group>"; };
		04F1EFFF1F3D98DF001BCD07 /* ViewController.swift */ = {isa = PBXFileReference; lastKnownFileType = sourcecode.swift; path = ViewController.swift; sourceTree = "<group>"; };
		04F1F0021F3D98DF001BCD07 /* Base */ = {isa = PBXFileReference; lastKnownFileType = file.storyboard; name = Base; path = Base.lproj/Main.storyboard; sourceTree = "<group>"; };
		04F1F0041F3D98DF001BCD07 /* Assets.xcassets */ = {isa = PBXFileReference; lastKnownFileType = folder.assetcatalog; path = Assets.xcassets; sourceTree = "<group>"; };
		04F1F0071F3D98DF001BCD07 /* Base */ = {isa = PBXFileReference; lastKnownFileType = file.storyboard; name = Base; path = Base.lproj/LaunchScreen.storyboard; sourceTree = "<group>"; };
		04F1F0091F3D98DF001BCD07 /* Info.plist */ = {isa = PBXFileReference; lastKnownFileType = text.plist.xml; path = Info.plist; sourceTree = "<group>"; };
/* End PBXFileReference section */

/* Begin PBXFrameworksBuildPhase section */
		04F1EFF71F3D98DF001BCD07 /* Frameworks */ = {
			isa = PBXFrameworksBuildPhase;
			buildActionMask = 2147483647;
			files = (
			);
			runOnlyForDeploymentPostprocessing = 0;
		};
/* End PBXFrameworksBuildPhase section */

/* Begin PBXGroup section */
		04F1EFF11F3D98DF001BCD07 = {
			isa = PBXGroup;
			children = (
				04F1EFFC1F3D98DF001BCD07 /* WaveDemo */,
				04F1EFFB1F3D98DF001BCD07 /* Products */,
			);
			sourceTree = "<group>";
		};
		04F1EFFB1F3D98DF001BCD07 /* Products */ = {
			isa = PBXGroup;
			children = (
				04F1EFFA1F3D98DF001BCD07 /* WaveDemo.app */,
			);
			name = Products;
			sourceTree = "<group>";
		};
		04F1EFFC1F3D98DF001BCD07 /* WaveDemo */ = {
			isa = PBXGroup;
			children = (
				04F1EFFD1F3D98DF001BCD07 /* AppDelegate.swift */,
				04F1EFFF1F3D98DF001BCD07 /* ViewController.swift */,
				04F1F0011F3D98DF001BCD07 /* Main.storyboard */,
				04F1F0041F3D98DF001BCD07 /* Assets.xcassets */,
				04F1F0061F3D98DF001BCD07 /* LaunchScreen.storyboard */,
				04F1F0091F3D98DF001BCD07 /* Info.plist */,
			);
			path = WaveDemo;
			sourceTree = "<group>";
		};
/* End PBXGroup section */

/* Begin PBXNativeTarget section */
		04F1EFF91F3D98DF001BCD07 /* WaveDemo */ = {
			isa = PBXNativeTarget;
			buildConfigurationList = 04F1F00C1F3D98DF001BCD07 /* Build configuration list for PBXNativeTarget "WaveDemo" */;
			buildPhases = (
				04F1EFF61F3D98DF001BCD07 /* Sources */,
				04F1EFF71F3D98DF001BCD07 /* Frameworks */,
				04F1EFF81F3D98DF001BCD07 /* Resources */,
			);
			buildRules = (
			);
			dependencies = (
			);
			name = WaveDemo;
			productName = WaveDemo;
			productReference = 04F1EFFA1F3D98DF001BCD07 /* WaveDemo.app */;
			productType = "com.apple.product-type.application";
		};
/* End PBXNativeTarget section */

/* Begin PBXProject section */
		04F1EFF21F3D98DF001BCD07 /* Project object */ = {
			isa = PBXProject;
			attributes = {
				LastSwiftUpdateCheck = 0830;
				LastUpgradeCheck = 0830;
				ORGANIZATIONNAME = yolande;
				TargetAttributes = {
					04F1EFF91F3D98DF001BCD07 = {
						CreatedOnToolsVersion = 8.3.3;
						DevelopmentTeam = ZZ9329T9X9;
						ProvisioningStyle = Automatic;
					};
				};
			};
			buildConfigurationList = 04F1EFF51F3D98DF001BCD07 /* Build configuration list for PBXProject "WaveDemo" */;
			compatibilityVersion = "Xcode 3.2";
			developmentRegion = English;
			hasScannedForEncodings = 0;
			knownRegions = (
				en,
				Base,
			);
			mainGroup = 04F1EFF11F3D98DF001BCD07;
			productRefGroup = 04F1EFFB1F3D98DF001BCD07 /* Products */;
			projectDirPath = "";
			projectRoot = "";
			targets = (
				04F1EFF91F3D98DF001BCD07 /* WaveDemo */,
			);
		};
/* End PBXProject section */

/* Begin PBXResourcesBuildPhase section */
		04F1EFF81F3D98DF001BCD07 /* Resources */ = {
			isa = PBXResourcesBuildPhase;
			buildActionMask = 2147483647;
			files = (
				04F1F0081F3D98DF001BCD07 /* LaunchScreen.storyboard in Resources */,
				04F1F0051F3D98DF001BCD07 /* Assets.xcassets in Resources */,
				04F1F0031F3D98DF001BCD07 /* Main.storyboard in Resources */,
			);
			runOnlyForDeploymentPostprocessing = 0;
		};
/* End PBXResourcesBuildPhase section */

/* Begin PBXSourcesBuildPhase section */
		04F1EFF61F3D98DF001BCD07 /* Sources */ = {
			isa = PBXSourcesBuildPhase;
			buildActionMask = 2147483647;
			files = (
				04F1F0001F3D98DF001BCD07 /* ViewController.swift in Sources */,
				04F1EFFE1F3D98DF001BCD07 /* AppDelegate.swift in Sources */,
			);
			runOnlyForDeploymentPostprocessing = 0;
		};
/* End PBXSourcesBuildPhase section */

/* Begin PBXVariantGroup section */
		04F1F0011F3D98DF001BCD07 /* Main.storyboard */ = {
			isa = PBXVariantGroup;
			children = (
				04F1F0021F3D98DF001BCD07 /* Base */,
			);
			name = Main.storyboard;
			sourceTree = "<group>";
		};
		04F1F0061F3D98DF001BCD07 /* LaunchScreen.storyboard */ = {
			isa = PBXVariantGroup;
			children = (
				04F1F0071F3D98DF001BCD07 /* Base */,
			);
			name = LaunchScreen.storyboard;
			sourceTree = "<group>";
		};
/* End PBXVariantGroup section */

/* Begin XCBuildConfiguration section */
		04F1F00A1F3D98DF001BCD07 /* Debug */ = {
			isa = XCBuildConfiguration;
			buildSettings = {
				ALWAYS_SEARCH_USER_PATHS = NO;
				CLANG_ANALYZER_NONNULL = YES;
				CLANG_ANALYZER_NUMBER_OBJECT_CONVERSION = YES_AGGRESSIVE;
				CLANG_CXX_LANGUAGE_STANDARD = "gnu++0x";
				CLANG_CXX_LIBRARY = "libc++";
				CLANG_ENABLE_MODULES = YES;
				CLANG_ENABLE_OBJC_ARC = YES;
				CLANG_WARN_BOOL_CONVERSION = YES;
				CLANG_WARN_CONSTANT_CONVERSION = YES;
				CLANG_WARN_DIRECT_OBJC_ISA_USAGE = YES_ERROR;
				CLANG_WARN_DOCUMENTATION_COMMENTS = YES;
				CLANG_WARN_EMPTY_BODY = YES;
				CLANG_WARN_ENUM_CONVERSION = YES;
				CLANG_WARN_INFINITE_RECURSION = YES;
				CLANG_WARN_INT_CONVERSION = YES;
				CLANG_WARN_OBJC_ROOT_CLASS = YES_ERROR;
				CLANG_WARN_SUSPICIOUS_MOVE = YES;
				CLANG_WARN_UNREACHABLE_CODE = YES;
				CLANG_WARN__DUPLICATE_METHOD_MATCH = YES;
				"CODE_SIGN_IDENTITY[sdk=iphoneos*]" = "iPhone Developer";
				COPY_PHASE_STRIP = NO;
				DEBUG_INFORMATION_FORMAT = dwarf;
				ENABLE_STRICT_OBJC_MSGSEND = YES;
				ENABLE_TESTABILITY = YES;
				GCC_C_LANGUAGE_STANDARD = gnu99;
				GCC_DYNAMIC_NO_PIC = NO;
				GCC_NO_COMMON_BLOCKS = YES;
				GCC_OPTIMIZATION_LEVEL = 0;
				GCC_PREPROCESSOR_DEFINITIONS = (
					"DEBUG=1",
					"$(inherited)",
				);
				GCC_WARN_64_TO_32_BIT_CONVERSION = YES;
				GCC_WARN_ABOUT_RETURN_TYPE = YES_ERROR;
				GCC_WARN_UNDECLARED_SELECTOR = YES;
				GCC_WARN_UNINITIALIZED_AUTOS = YES_AGGRESSIVE;
				GCC_WARN_UNUSED_FUNCTION = YES;
				GCC_WARN_UNUSED_VARIABLE = YES;
				IPHONEOS_DEPLOYMENT_TARGET = 10.3;
				MTL_ENABLE_DEBUG_INFO = YES;
				ONLY_ACTIVE_ARCH = YES;
				SDKROOT = iphoneos;
				SWIFT_ACTIVE_COMPILATION_CONDITIONS = DEBUG;
				SWIFT_OPTIMIZATION_LEVEL = "-Onone";
				TARGETED_DEVICE_FAMILY = "1,2";
			};
			name = Debug;
		};
		04F1F00B1F3D98DF001BCD07 /* Release */ = {
			isa = XCBuildConfiguration;
			buildSettings = {
				ALWAYS_SEARCH_USER_PATHS = NO;
				CLANG_ANALYZER_NONNULL = YES;
				CLANG_ANALYZER_NUMBER_OBJECT_CONVERSION = YES_AGGRESSIVE;
				CLANG_CXX_LANGUAGE_STANDARD = "gnu++0x";
				CLANG_CXX_LIBRARY = "libc++";
				CLANG_ENABLE_MODULES = YES;
				CLANG_ENABLE_OBJC_ARC = YES;
				CLANG_WARN_BOOL_CONVERSION = YES;
				CLANG_WARN_CONSTANT_CONVERSION = YES;
				CLANG_WARN_DIRECT_OBJC_ISA_USAGE = YES_ERROR;
				CLANG_WARN_DOCUMENTATION_COMMENTS = YES;
				CLANG_WARN_EMPTY_BODY = YES;
				CLANG_WARN_ENUM_CONVERSION = YES;
				CLANG_WARN_INFINITE_RECURSION = YES;
				CLANG_WARN_INT_CONVERSION = YES;
				CLANG_WARN_OBJC_ROOT_CLASS = YES_ERROR;
				CLANG_WARN_SUSPICIOUS_MOVE = YES;
				CLANG_WARN_UNREACHABLE_CODE = YES;
				CLANG_WARN__DUPLICATE_METHOD_MATCH = YES;
				"CODE_SIGN_IDENTITY[sdk=iphoneos*]" = "iPhone Developer";
				COPY_PHASE_STRIP = NO;
				DEBUG_INFORMATION_FORMAT = "dwarf-with-dsym";
				ENABLE_NS_ASSERTIONS = NO;
				ENABLE_STRICT_OBJC_MSGSEND = YES;
				GCC_C_LANGUAGE_STANDARD = gnu99;
				GCC_NO_COMMON_BLOCKS = YES;
				GCC_WARN_64_TO_32_BIT_CONVERSION = YES;
				GCC_WARN_ABOUT_RETURN_TYPE = YES_ERROR;
				GCC_WARN_UNDECLARED_SELECTOR = YES;
				GCC_WARN_UNINITIALIZED_AUTOS = YES_AGGRESSIVE;
				GCC_WARN_UNUSED_FUNCTION = YES;
				GCC_WARN_UNUSED_VARIABLE = YES;
				IPHONEOS_DEPLOYMENT_TARGET = 10.3;
				MTL_ENABLE_DEBUG_INFO = NO;
				SDKROOT = iphoneos;
				SWIFT_OPTIMIZATION_LEVEL = "-Owholemodule";
				TARGETED_DEVICE_FAMILY = "1,2";
				VALIDATE_PRODUCT = YES;
			};
			name = Release;
		};
		04F1F00D1F3D98DF001BCD07 /* Debug */ = {
			isa = XCBuildConfiguration;
			buildSettings = {
				ASSETCATALOG_COMPILER_APPICON_NAME = AppIcon;
				DEVELOPMENT_TEAM = ZZ9329T9X9;
				INFOPLIST_FILE = WaveDemo/Info.plist;
				LD_RUNPATH_SEARCH_PATHS = "$(inherited) @executable_path/Frameworks";
				PRODUCT_BUNDLE_IDENTIFIER = io.iosleep.WaveDemo;
				PRODUCT_NAME = "$(TARGET_NAME)";
				SWIFT_VERSION = 3.0;
			};
			name = Debug;
		};
		04F1F00E1F3D98DF001BCD07 /* Release */ = {
			isa = XCBuildConfiguration;
			buildSettings = {
				ASSETCATALOG_COMPILER_APPICON_NAME = AppIcon;
				DEVELOPMENT_TEAM = ZZ9329T9X9;
				INFOPLIST_FILE = WaveDemo/Info.plist;
				LD_RUNPATH_SEARCH_PATHS = "$(inherited) @executable_path/Frameworks";
				PRODUCT_BUNDLE_IDENTIFIER = io.iosleep.WaveDemo;
				PRODUCT_NAME = "$(TARGET_NAME)";
				SWIFT_VERSION = 3.0;
			};
			name = Release;
		};
/* End XCBuildConfiguration section */

/* Begin XCConfigurationList section */
		04F1EFF51F3D98DF001BCD07 /* Build configuration list for PBXProject "WaveDemo" */ = {
			isa = XCConfigurationList;
			buildConfigurations = (
				04F1F00A1F3D98DF001BCD07 /* Debug */,
				04F1F00B1F3D98DF001BCD07 /* Release */,
			);
			defaultConfigurationIsVisible = 0;
			defaultConfigurationName = Release;
		};
		04F1F00C1F3D98DF001BCD07 /* Build configuration list for PBXNativeTarget "WaveDemo" */ = {
			isa = XCConfigurationList;
			buildConfigurations = (
				04F1F00D1F3D98DF001BCD07 /* Debug */,
				04F1F00E1F3D98DF001BCD07 /* Release */,
			);
			defaultConfigurationIsVisible = 0;
		};
/* End XCConfigurationList section */
	};
	rootObject = 04F1EFF21F3D98DF001BCD07 /* Project object */;
}
